
Microsoft Visual Studio Solution File, Format Version 12.00
# Visual Studio 15
VisualStudioVersion = 15.0.28307.421
MinimumVisualStudioVersion = 10.0.40219.1
Project("{8BC9CEB8-8B4A-11D0-8D11-00A0C91BC942}") = "WSAEventSelect", "WSAEventSelect\WSAEventSelect.vcxproj", "{6E056420-6A65-4076-B91A-26D16C6308B9}"
EndProject
Global
	GlobalSection(SolutionConfigurationPlatforms) = preSolution
		Debug|x64 = Debug|x64
		Debug|x86 = Debug|x86
		Release|x64 = Release|x64
		Release|x86 = Release|x86
	EndGlobalSection
	GlobalSection(ProjectConfigurationPlatforms) = postSolution
		{6E056420-6A65-4076-B91A-26D16C6308B9}.Debug|x64.ActiveCfg = Debug|x64
		{6E056420-6A65-4076-B91A-26D16C6308B9}.Debug|x64.Build.0 = Debug|x64
		{6E056420-6A65-4076-B91A-26D16C6308B9}.Debug|x86.ActiveCfg = Debug|Win32
		{6E056420-6A65-4076-B91A-26D16C6308B9}.Debug|x86.Build.0 = Debug|Win32
		{6E056420-6A65-4076-B91A-26D16C6308B9}.Release|x64.ActiveCfg = Release|x64
		{6E056420-6A65-4076-B91A-26D16C6308B9}.Release|x64.Build.0 = Release|x64
		{6E056420-6A65-4076-B91A-26D16C6308B9}.Release|x86.ActiveCfg = Release|Win32
		{6E056420-6A65-4076-B91A-26D16C6308B9}.Release|x86.Build.0 = Release|Win32
	EndGlobalSection
	GlobalSection(SolutionProperties) = preSolution
		HideSolutionNode = FALSE
	EndGlobalSection
	GlobalSection(ExtensibilityGlobals) = postSolution
		SolutionGuid = {DD117F3D-7775-416F-9489-CBF032777C61}
	EndGlobalSection
EndGlobal
